
Microsoft Visual Studio Solution File, Format Version 12.00
# Visual Studio Version 17
VisualStudioVersion = 17.5.33516.290
MinimumVisualStudioVersion = 10.0.40219.1
Project("{FAE04EC0-301F-11D3-BF4B-00C04F79EFBC}") = "API", "API\API.csproj", "{28250359-B204-4ADB-9AFB-C9C7F87F4C40}"
EndProject
Project("{FAE04EC0-301F-11D3-BF4B-00C04F79EFBC}") = "Infrastructure", "Infrastructure\Infrastructure.csproj", "{DDA24F5F-9BFE-48FF-A753-CB6CCAEAE648}"
EndProject
Global
	GlobalSection(SolutionConfigurationPlatforms) = preSolution
		Debug|Any CPU = Debug|Any CPU
		Release|Any CPU = Release|Any CPU
	EndGlobalSection
	GlobalSection(ProjectConfigurationPlatforms) = postSolution
		{28250359-B204-4ADB-9AFB-C9C7F87F4C40}.Debug|Any CPU.ActiveCfg = Debug|Any CPU
		{28250359-B204-4ADB-9AFB-C9C7F87F4C40}.Debug|Any CPU.Build.0 = Debug|Any CPU
		{28250359-B204-4ADB-9AFB-C9C7F87F4C40}.Release|Any CPU.ActiveCfg = Release|Any CPU
		{28250359-B204-4ADB-9AFB-C9C7F87F4C40}.Release|Any CPU.Build.0 = Release|Any CPU
		{DDA24F5F-9BFE-48FF-A753-CB6CCAEAE648}.Debug|Any CPU.ActiveCfg = Debug|Any CPU
		{DDA24F5F-9BFE-48FF-A753-CB6CCAEAE648}.Debug|Any CPU.Build.0 = Debug|Any CPU
		{DDA24F5F-9BFE-48FF-A753-CB6CCAEAE648}.Release|Any CPU.ActiveCfg = Release|Any CPU
		{DDA24F5F-9BFE-48FF-A753-CB6CCAEAE648}.Release|Any CPU.Build.0 = Release|Any CPU
	EndGlobalSection
	GlobalSection(SolutionProperties) = preSolution
		HideSolutionNode = FALSE
	EndGlobalSection
	GlobalSection(ExtensibilityGlobals) = postSolution
		SolutionGuid = {68FEDC1B-0E9C-4775-844D-BECDFFE08E3C}
	EndGlobalSection
EndGlobal
